// !$*UTF8*$!
{
	archiveVersion = 1;
	classes = {
	};
	objectVersion = 46;
	objects = {

/* Begin PBXBuildFile section */
		BE0FEAB019A7231400466B0F /* StorageManager.m in Sources */ = {isa = PBXBuildFile; fileRef = BE0FEAAF19A7231400466B0F /* StorageManager.m */; };
		BE56389619AEF9FE0030FF2C /* SearchHistory.m in Sources */ = {isa = PBXBuildFile; fileRef = BE56389519AEF9FE0030FF2C /* SearchHistory.m */; };
		BE77FE6919AB7F7E00F99404 /* AnswerHistory.m in Sources */ = {isa = PBXBuildFile; fileRef = BE77FE6819AB7F7E00F99404 /* AnswerHistory.m */; };
		BE946DF119A498E300813291 /* main.m in Sources */ = {isa = PBXBuildFile; fileRef = BE946DF019A498E300813291 /* main.m */; };
		BE946DF419A498E300813291 /* AppDelegate.m in Sources */ = {isa = PBXBuildFile; fileRef = BE946DF319A498E300813291 /* AppDelegate.m */; };
		BE946DF719A498E300813291 /* CodePaw.xcdatamodeld in Sources */ = {isa = PBXBuildFile; fileRef = BE946DF519A498E300813291 /* CodePaw.xcdatamodeld */; };
		BE946DFD19A498E300813291 /* Main.storyboard in Resources */ = {isa = PBXBuildFile; fileRef = BE946DFB19A498E300813291 /* Main.storyboard */; };
		BE946DFF19A498E300813291 /* Images.xcassets in Resources */ = {isa = PBXBuildFile; fileRef = BE946DFE19A498E300813291 /* Images.xcassets */; };
		BE946E0B19A498E300813291 /* CodePawTests.m in Sources */ = {isa = PBXBuildFile; fileRef = BE946E0A19A498E300813291 /* CodePawTests.m */; };
		BE946E1719A4994200813291 /* NetworkManager.m in Sources */ = {isa = PBXBuildFile; fileRef = BE946E1619A4994200813291 /* NetworkManager.m */; };
		BE946E1A19A49D2700813291 /* NetworkConstants.m in Sources */ = {isa = PBXBuildFile; fileRef = BE946E1919A49D2700813291 /* NetworkConstants.m */; };
		BE946E1D19A4A79500813291 /* DataInterface.m in Sources */ = {isa = PBXBuildFile; fileRef = BE946E1C19A4A79500813291 /* DataInterface.m */; };
		BE946E2219A4AA8200813291 /* QuestionBrief.m in Sources */ = {isa = PBXBuildFile; fileRef = BE946E2119A4AA8200813291 /* QuestionBrief.m */; };
		BE946E2919A4E7A700813291 /* Answer.m in Sources */ = {isa = PBXBuildFile; fileRef = BE946E2819A4E7A700813291 /* Answer.m */; };
		BEABA2A619AC8C72003D122F /* PreviouslySearchedTermTableViewCell.m in Sources */ = {isa = PBXBuildFile; fileRef = BEABA2A519AC8C72003D122F /* PreviouslySearchedTermTableViewCell.m */; };
		BED2251319AC9B5B00E1169D /* SearchViewController.m in Sources */ = {isa = PBXBuildFile; fileRef = BED2251219AC9B5B00E1169D /* SearchViewController.m */; };
		BED2251919AC9C0E00E1169D /* QuestionsTableViewController.m in Sources */ = {isa = PBXBuildFile; fileRef = BED2251819AC9C0E00E1169D /* QuestionsTableViewController.m */; };
		BED2251C19ACA1F500E1169D /* QuestionTableViewCell.m in Sources */ = {isa = PBXBuildFile; fileRef = BED2251B19ACA1F500E1169D /* QuestionTableViewCell.m */; };
		BED2251F19ACB15600E1169D /* QuestionViewController.m in Sources */ = {isa = PBXBuildFile; fileRef = BED2251E19ACB15600E1169D /* QuestionViewController.m */; };
		BEF6AE8F19AE63720044EFF1 /* AnswersTableViewController.m in Sources */ = {isa = PBXBuildFile; fileRef = BEF6AE8E19AE63720044EFF1 /* AnswersTableViewController.m */; };
		BEF6AE9219AE641C0044EFF1 /* AnswerTableViewCell.m in Sources */ = {isa = PBXBuildFile; fileRef = BEF6AE9119AE641C0044EFF1 /* AnswerTableViewCell.m */; };
/* End PBXBuildFile section */

/* Begin PBXContainerItemProxy section */
		BE946E0519A498E300813291 /* PBXContainerItemProxy */ = {
			isa = PBXContainerItemProxy;
			containerPortal = BE946DE319A498E300813291 /* Project object */;
			proxyType = 1;
			remoteGlobalIDString = BE946DEA19A498E300813291;
			remoteInfo = CodePaw;
		};
/* End PBXContainerItemProxy section */

/* Begin PBXFileReference section */
		BE0FEAAE19A7231400466B0F /* StorageManager.h */ = {isa = PBXFileReference; fileEncoding = 4; lastKnownFileType = sourcecode.c.h; path = StorageManager.h; sourceTree = "<group>"; };
		BE0FEAAF19A7231400466B0F /* StorageManager.m */ = {isa = PBXFileReference; fileEncoding = 4; lastKnownFileType = sourcecode.c.objc; path = StorageManager.m; sourceTree = "<group>"; };
		BE0FEAB419A728A900466B0F /* Constants.h */ = {isa = PBXFileReference; lastKnownFileType = sourcecode.c.h; path = Constants.h; sourceTree = "<group>"; };
		BE56389419AEF9FE0030FF2C /* SearchHistory.h */ = {isa = PBXFileReference; fileEncoding = 4; lastKnownFileType = sourcecode.c.h; path = SearchHistory.h; sourceTree = "<group>"; };
		BE56389519AEF9FE0030FF2C /* SearchHistory.m */ = {isa = PBXFileReference; fileEncoding = 4; lastKnownFileType = sourcecode.c.objc; path = SearchHistory.m; sourceTree = "<group>"; };
		BE77FE6719AB7F7E00F99404 /* AnswerHistory.h */ = {isa = PBXFileReference; fileEncoding = 4; lastKnownFileType = sourcecode.c.h; path = AnswerHistory.h; sourceTree = "<group>"; };
		BE77FE6819AB7F7E00F99404 /* AnswerHistory.m */ = {isa = PBXFileReference; fileEncoding = 4; lastKnownFileType = sourcecode.c.objc; path = AnswerHistory.m; sourceTree = "<group>"; };
		BE946DEB19A498E300813291 /* CodePaw.app */ = {isa = PBXFileReference; explicitFileType = wrapper.application; includeInIndex = 0; path = CodePaw.app; sourceTree = BUILT_PRODUCTS_DIR; };
		BE946DEF19A498E300813291 /* Info.plist */ = {isa = PBXFileReference; lastKnownFileType = text.plist.xml; path = Info.plist; sourceTree = "<group>"; };
		BE946DF019A498E300813291 /* main.m */ = {isa = PBXFileReference; lastKnownFileType = sourcecode.c.objc; path = main.m; sourceTree = "<group>"; };
		BE946DF219A498E300813291 /* AppDelegate.h */ = {isa = PBXFileReference; lastKnownFileType = sourcecode.c.h; path = AppDelegate.h; sourceTree = "<group>"; };
		BE946DF319A498E300813291 /* AppDelegate.m */ = {isa = PBXFileReference; lastKnownFileType = sourcecode.c.objc; path = AppDelegate.m; sourceTree = "<group>"; };
		BE946DF619A498E300813291 /* CodePaw.xcdatamodel */ = {isa = PBXFileReference; lastKnownFileType = wrapper.xcdatamodel; path = CodePaw.xcdatamodel; sourceTree = "<group>"; };
		BE946DFC19A498E300813291 /* Base */ = {isa = PBXFileReference; lastKnownFileType = file.storyboard; name = Base; path = Base.lproj/Main.storyboard; sourceTree = "<group>"; };
		BE946DFE19A498E300813291 /* Images.xcassets */ = {isa = PBXFileReference; lastKnownFileType = folder.assetcatalog; path = Images.xcassets; sourceTree = "<group>"; };
		BE946E0419A498E300813291 /* CodePawTests.xctest */ = {isa = PBXFileReference; explicitFileType = wrapper.cfbundle; includeInIndex = 0; path = CodePawTests.xctest; sourceTree = BUILT_PRODUCTS_DIR; };
		BE946E0919A498E300813291 /* Info.plist */ = {isa = PBXFileReference; lastKnownFileType = text.plist.xml; path = Info.plist; sourceTree = "<group>"; };
		BE946E0A19A498E300813291 /* CodePawTests.m */ = {isa = PBXFileReference; lastKnownFileType = sourcecode.c.objc; path = CodePawTests.m; sourceTree = "<group>"; };
		BE946E1519A4994200813291 /* NetworkManager.h */ = {isa = PBXFileReference; fileEncoding = 4; lastKnownFileType = sourcecode.c.h; path = NetworkManager.h; sourceTree = "<group>"; };
		BE946E1619A4994200813291 /* NetworkManager.m */ = {isa = PBXFileReference; fileEncoding = 4; lastKnownFileType = sourcecode.c.objc; path = NetworkManager.m; sourceTree = "<group>"; };
		BE946E1819A49D2700813291 /* NetworkConstants.h */ = {isa = PBXFileReference; fileEncoding = 4; lastKnownFileType = sourcecode.c.h; path = NetworkConstants.h; sourceTree = "<group>"; };
		BE946E1919A49D2700813291 /* NetworkConstants.m */ = {isa = PBXFileReference; fileEncoding = 4; lastKnownFileType = sourcecode.c.objc; path = NetworkConstants.m; sourceTree = "<group>"; };
		BE946E1B19A4A79500813291 /* DataInterface.h */ = {isa = PBXFileReference; fileEncoding = 4; lastKnownFileType = sourcecode.c.h; path = DataInterface.h; sourceTree = "<group>"; };
		BE946E1C19A4A79500813291 /* DataInterface.m */ = {isa = PBXFileReference; fileEncoding = 4; lastKnownFileType = sourcecode.c.objc; path = DataInterface.m; sourceTree = "<group>"; };
		BE946E2019A4AA8200813291 /* QuestionBrief.h */ = {isa = PBXFileReference; fileEncoding = 4; lastKnownFileType = sourcecode.c.h; path = QuestionBrief.h; sourceTree = "<group>"; };
		BE946E2119A4AA8200813291 /* QuestionBrief.m */ = {isa = PBXFileReference; fileEncoding = 4; lastKnownFileType = sourcecode.c.objc; path = QuestionBrief.m; sourceTree = "<group>"; };
		BE946E2719A4E7A700813291 /* Answer.h */ = {isa = PBXFileReference; fileEncoding = 4; lastKnownFileType = sourcecode.c.h; path = Answer.h; sourceTree = "<group>"; };
		BE946E2819A4E7A700813291 /* Answer.m */ = {isa = PBXFileReference; fileEncoding = 4; lastKnownFileType = sourcecode.c.objc; path = Answer.m; sourceTree = "<group>"; };
		BEABA2A419AC8C72003D122F /* PreviouslySearchedTermTableViewCell.h */ = {isa = PBXFileReference; fileEncoding = 4; lastKnownFileType = sourcecode.c.h; path = PreviouslySearchedTermTableViewCell.h; sourceTree = "<group>"; };
		BEABA2A519AC8C72003D122F /* PreviouslySearchedTermTableViewCell.m */ = {isa = PBXFileReference; fileEncoding = 4; lastKnownFileType = sourcecode.c.objc; path = PreviouslySearchedTermTableViewCell.m; sourceTree = "<group>"; };
		BED2251119AC9B5B00E1169D /* SearchViewController.h */ = {isa = PBXFileReference; fileEncoding = 4; lastKnownFileType = sourcecode.c.h; path = SearchViewController.h; sourceTree = "<group>"; };
		BED2251219AC9B5B00E1169D /* SearchViewController.m */ = {isa = PBXFileReference; fileEncoding = 4; lastKnownFileType = sourcecode.c.objc; path = SearchViewController.m; sourceTree = "<group>"; };
		BED2251719AC9C0E00E1169D /* QuestionsTableViewController.h */ = {isa = PBXFileReference; fileEncoding = 4; lastKnownFileType = sourcecode.c.h; path = QuestionsTableViewController.h; sourceTree = "<group>"; };
		BED2251819AC9C0E00E1169D /* QuestionsTableViewController.m */ = {isa = PBXFileReference; fileEncoding = 4; lastKnownFileType = sourcecode.c.objc; path = QuestionsTableViewController.m; sourceTree = "<group>"; };
		BED2251A19ACA1F500E1169D /* QuestionTableViewCell.h */ = {isa = PBXFileReference; fileEncoding = 4; lastKnownFileType = sourcecode.c.h; path = QuestionTableViewCell.h; sourceTree = "<group>"; };
		BED2251B19ACA1F500E1169D /* QuestionTableViewCell.m */ = {isa = PBXFileReference; fileEncoding = 4; lastKnownFileType = sourcecode.c.objc; path = QuestionTableViewCell.m; sourceTree = "<group>"; };
		BED2251D19ACB15600E1169D /* QuestionViewController.h */ = {isa = PBXFileReference; fileEncoding = 4; lastKnownFileType = sourcecode.c.h; path = QuestionViewController.h; sourceTree = "<group>"; };
		BED2251E19ACB15600E1169D /* QuestionViewController.m */ = {isa = PBXFileReference; fileEncoding = 4; lastKnownFileType = sourcecode.c.objc; path = QuestionViewController.m; sourceTree = "<group>"; };
		BEF6AE8D19AE63720044EFF1 /* AnswersTableViewController.h */ = {isa = PBXFileReference; fileEncoding = 4; lastKnownFileType = sourcecode.c.h; path = AnswersTableViewController.h; sourceTree = "<group>"; };
		BEF6AE8E19AE63720044EFF1 /* AnswersTableViewController.m */ = {isa = PBXFileReference; fileEncoding = 4; lastKnownFileType = sourcecode.c.objc; path = AnswersTableViewController.m; sourceTree = "<group>"; };
		BEF6AE9019AE641C0044EFF1 /* AnswerTableViewCell.h */ = {isa = PBXFileReference; fileEncoding = 4; lastKnownFileType = sourcecode.c.h; path = AnswerTableViewCell.h; sourceTree = "<group>"; };
		BEF6AE9119AE641C0044EFF1 /* AnswerTableViewCell.m */ = {isa = PBXFileReference; fileEncoding = 4; lastKnownFileType = sourcecode.c.objc; path = AnswerTableViewCell.m; sourceTree = "<group>"; };
/* End PBXFileReference section */

/* Begin PBXFrameworksBuildPhase section */
		BE946DE819A498E300813291 /* Frameworks */ = {
			isa = PBXFrameworksBuildPhase;
			buildActionMask = 2147483647;
			files = (
			);
			runOnlyForDeploymentPostprocessing = 0;
		};
		BE946E0119A498E300813291 /* Frameworks */ = {
			isa = PBXFrameworksBuildPhase;
			buildActionMask = 2147483647;
			files = (
			);
			runOnlyForDeploymentPostprocessing = 0;
		};
/* End PBXFrameworksBuildPhase section */

/* Begin PBXGroup section */
		BE0FEAAD19A722FC00466B0F /* Local Storage */ = {
			isa = PBXGroup;
			children = (
				BE946DF519A498E300813291 /* CodePaw.xcdatamodeld */,
				BE0FEABB19A730FC00466B0F /* Models */,
				BE0FEAAE19A7231400466B0F /* StorageManager.h */,
				BE0FEAAF19A7231400466B0F /* StorageManager.m */,
			);
			name = "Local Storage";
			sourceTree = "<group>";
		};
		BE0FEABB19A730FC00466B0F /* Models */ = {
			isa = PBXGroup;
			children = (
				BE56389419AEF9FE0030FF2C /* SearchHistory.h */,
				BE56389519AEF9FE0030FF2C /* SearchHistory.m */,
				BE77FE6719AB7F7E00F99404 /* AnswerHistory.h */,
				BE77FE6819AB7F7E00F99404 /* AnswerHistory.m */,
			);
			name = Models;
			sourceTree = "<group>";
		};
		BE0FEABC19A7312200466B0F /* ViewControllers */ = {
			isa = PBXGroup;
			children = (
				BED2251119AC9B5B00E1169D /* SearchViewController.h */,
				BED2251219AC9B5B00E1169D /* SearchViewController.m */,
				BED2251719AC9C0E00E1169D /* QuestionsTableViewController.h */,
				BED2251819AC9C0E00E1169D /* QuestionsTableViewController.m */,
				BED2251D19ACB15600E1169D /* QuestionViewController.h */,
				BED2251E19ACB15600E1169D /* QuestionViewController.m */,
				BEF6AE8D19AE63720044EFF1 /* AnswersTableViewController.h */,
				BEF6AE8E19AE63720044EFF1 /* AnswersTableViewController.m */,
			);
			name = ViewControllers;
			sourceTree = "<group>";
		};
		BE946DE219A498E300813291 = {
			isa = PBXGroup;
			children = (
				BE946DED19A498E300813291 /* CodePaw */,
				BE946E0719A498E300813291 /* CodePawTests */,
				BE946DEC19A498E300813291 /* Products */,
			);
			sourceTree = "<group>";
		};
		BE946DEC19A498E300813291 /* Products */ = {
			isa = PBXGroup;
			children = (
				BE946DEB19A498E300813291 /* CodePaw.app */,
				BE946E0419A498E300813291 /* CodePawTests.xctest */,
			);
			name = Products;
			sourceTree = "<group>";
		};
		BE946DED19A498E300813291 /* CodePaw */ = {
			isa = PBXGroup;
			children = (
				BEABA2A119AC8B2F003D122F /* Views */,
				BE0FEABC19A7312200466B0F /* ViewControllers */,
				BE946E1419A498F900813291 /* Data */,
				BE946DFB19A498E300813291 /* Main.storyboard */,
				BE946DFE19A498E300813291 /* Images.xcassets */,
				BE946DEE19A498E300813291 /* Supporting Files */,
			);
			path = CodePaw;
			sourceTree = "<group>";
		};
		BE946DEE19A498E300813291 /* Supporting Files */ = {
			isa = PBXGroup;
			children = (
				BE946DF219A498E300813291 /* AppDelegate.h */,
				BE946DF319A498E300813291 /* AppDelegate.m */,
				BE946DEF19A498E300813291 /* Info.plist */,
				BE946DF019A498E300813291 /* main.m */,
			);
			name = "Supporting Files";
			sourceTree = "<group>";
		};
		BE946E0719A498E300813291 /* CodePawTests */ = {
			isa = PBXGroup;
			children = (
				BE946E0A19A498E300813291 /* CodePawTests.m */,
				BE946E0819A498E300813291 /* Supporting Files */,
			);
			path = CodePawTests;
			sourceTree = "<group>";
		};
		BE946E0819A498E300813291 /* Supporting Files */ = {
			isa = PBXGroup;
			children = (
				BE946E0919A498E300813291 /* Info.plist */,
			);
			name = "Supporting Files";
			sourceTree = "<group>";
		};
		BE946E1419A498F900813291 /* Data */ = {
			isa = PBXGroup;
			children = (
				BE0FEAAD19A722FC00466B0F /* Local Storage */,
				BE946E1F19A4A95B00813291 /* Data Classes */,
				BE946E1E19A4A94800813291 /* Network */,
				BE0FEAB419A728A900466B0F /* Constants.h */,
				BE946E1B19A4A79500813291 /* DataInterface.h */,
				BE946E1C19A4A79500813291 /* DataInterface.m */,
			);
			name = Data;
			sourceTree = "<group>";
		};
		BE946E1E19A4A94800813291 /* Network */ = {
			isa = PBXGroup;
			children = (
				BE946E1519A4994200813291 /* NetworkManager.h */,
				BE946E1619A4994200813291 /* NetworkManager.m */,
				BE946E1819A49D2700813291 /* NetworkConstants.h */,
				BE946E1919A49D2700813291 /* NetworkConstants.m */,
			);
			name = Network;
			sourceTree = "<group>";
		};
		BE946E1F19A4A95B00813291 /* Data Classes */ = {
			isa = PBXGroup;
			children = (
				BE946E2019A4AA8200813291 /* QuestionBrief.h */,
				BE946E2119A4AA8200813291 /* QuestionBrief.m */,
				BE946E2719A4E7A700813291 /* Answer.h */,
				BE946E2819A4E7A700813291 /* Answer.m */,
			);
			name = "Data Classes";
			sourceTree = "<group>";
		};
		BEABA2A119AC8B2F003D122F /* Views */ = {
			isa = PBXGroup;
			children = (
				BEABA2A419AC8C72003D122F /* PreviouslySearchedTermTableViewCell.h */,
				BEABA2A519AC8C72003D122F /* PreviouslySearchedTermTableViewCell.m */,
				BED2251A19ACA1F500E1169D /* QuestionTableViewCell.h */,
				BED2251B19ACA1F500E1169D /* QuestionTableViewCell.m */,
				BEF6AE9019AE641C0044EFF1 /* AnswerTableViewCell.h */,
				BEF6AE9119AE641C0044EFF1 /* AnswerTableViewCell.m */,
			);
			name = Views;
			sourceTree = "<group>";
		};
/* End PBXGroup section */

/* Begin PBXNativeTarget section */
		BE946DEA19A498E300813291 /* CodePaw */ = {
			isa = PBXNativeTarget;
			buildConfigurationList = BE946E0E19A498E300813291 /* Build configuration list for PBXNativeTarget "CodePaw" */;
			buildPhases = (
				BE946DE719A498E300813291 /* Sources */,
				BE946DE819A498E300813291 /* Frameworks */,
				BE946DE919A498E300813291 /* Resources */,
			);
			buildRules = (
			);
			dependencies = (
			);
			name = CodePaw;
			productName = CodePaw;
			productReference = BE946DEB19A498E300813291 /* CodePaw.app */;
			productType = "com.apple.product-type.application";
		};
		BE946E0319A498E300813291 /* CodePawTests */ = {
			isa = PBXNativeTarget;
			buildConfigurationList = BE946E1119A498E300813291 /* Build configuration list for PBXNativeTarget "CodePawTests" */;
			buildPhases = (
				BE946E0019A498E300813291 /* Sources */,
				BE946E0119A498E300813291 /* Frameworks */,
				BE946E0219A498E300813291 /* Resources */,
			);
			buildRules = (
			);
			dependencies = (
				BE946E0619A498E300813291 /* PBXTargetDependency */,
			);
			name = CodePawTests;
			productName = CodePawTests;
			productReference = BE946E0419A498E300813291 /* CodePawTests.xctest */;
			productType = "com.apple.product-type.bundle.unit-test";
		};
/* End PBXNativeTarget section */

/* Begin PBXProject section */
		BE946DE319A498E300813291 /* Project object */ = {
			isa = PBXProject;
			attributes = {
				LastUpgradeCheck = 0600;
				ORGANIZATIONNAME = "Nirbhay Agarwal";
				TargetAttributes = {
					BE946DEA19A498E300813291 = {
						CreatedOnToolsVersion = 6.0;
						DevelopmentTeam = Z6VN6X8X8U;
					};
					BE946E0319A498E300813291 = {
						CreatedOnToolsVersion = 6.0;
						TestTargetID = BE946DEA19A498E300813291;
					};
				};
			};
			buildConfigurationList = BE946DE619A498E300813291 /* Build configuration list for PBXProject "CodePaw" */;
			compatibilityVersion = "Xcode 3.2";
			developmentRegion = English;
			hasScannedForEncodings = 0;
			knownRegions = (
				en,
				Base,
			);
			mainGroup = BE946DE219A498E300813291;
			productRefGroup = BE946DEC19A498E300813291 /* Products */;
			projectDirPath = "";
			projectRoot = "";
			targets = (
				BE946DEA19A498E300813291 /* CodePaw */,
				BE946E0319A498E300813291 /* CodePawTests */,
			);
		};
/* End PBXProject section */

/* Begin PBXResourcesBuildPhase section */
		BE946DE919A498E300813291 /* Resources */ = {
			isa = PBXResourcesBuildPhase;
			buildActionMask = 2147483647;
			files = (
				BE946DFD19A498E300813291 /* Main.storyboard in Resources */,
				BE946DFF19A498E300813291 /* Images.xcassets in Resources */,
			);
			runOnlyForDeploymentPostprocessing = 0;
		};
		BE946E0219A498E300813291 /* Resources */ = {
			isa = PBXResourcesBuildPhase;
			buildActionMask = 2147483647;
			files = (
			);
			runOnlyForDeploymentPostprocessing = 0;
		};
/* End PBXResourcesBuildPhase section */

/* Begin PBXSourcesBuildPhase section */
		BE946DE719A498E300813291 /* Sources */ = {
			isa = PBXSourcesBuildPhase;
			buildActionMask = 2147483647;
			files = (
				BE946E2919A4E7A700813291 /* Answer.m in Sources */,
				BED2251C19ACA1F500E1169D /* QuestionTableViewCell.m in Sources */,
				BE946E1D19A4A79500813291 /* DataInterface.m in Sources */,
				BE946E1A19A49D2700813291 /* NetworkConstants.m in Sources */,
				BEF6AE9219AE641C0044EFF1 /* AnswerTableViewCell.m in Sources */,
				BE946E2219A4AA8200813291 /* QuestionBrief.m in Sources */,
				BE946DF419A498E300813291 /* AppDelegate.m in Sources */,
				BED2251319AC9B5B00E1169D /* SearchViewController.m in Sources */,
				BE56389619AEF9FE0030FF2C /* SearchHistory.m in Sources */,
				BEABA2A619AC8C72003D122F /* PreviouslySearchedTermTableViewCell.m in Sources */,
				BE946DF119A498E300813291 /* main.m in Sources */,
				BED2251F19ACB15600E1169D /* QuestionViewController.m in Sources */,
				BEF6AE8F19AE63720044EFF1 /* AnswersTableViewController.m in Sources */,
				BE77FE6919AB7F7E00F99404 /* AnswerHistory.m in Sources */,
				BE0FEAB019A7231400466B0F /* StorageManager.m in Sources */,
				BE946E1719A4994200813291 /* NetworkManager.m in Sources */,
				BE946DF719A498E300813291 /* CodePaw.xcdatamodeld in Sources */,
				BED2251919AC9C0E00E1169D /* QuestionsTableViewController.m in Sources */,
			);
			runOnlyForDeploymentPostprocessing = 0;
		};
		BE946E0019A498E300813291 /* Sources */ = {
			isa = PBXSourcesBuildPhase;
			buildActionMask = 2147483647;
			files = (
				BE946E0B19A498E300813291 /* CodePawTests.m in Sources */,
			);
			runOnlyForDeploymentPostprocessing = 0;
		};
/* End PBXSourcesBuildPhase section */

/* Begin PBXTargetDependency section */
		BE946E0619A498E300813291 /* PBXTargetDependency */ = {
			isa = PBXTargetDependency;
			target = BE946DEA19A498E300813291 /* CodePaw */;
			targetProxy = BE946E0519A498E300813291 /* PBXContainerItemProxy */;
		};
/* End PBXTargetDependency section */

/* Begin PBXVariantGroup section */
		BE946DFB19A498E300813291 /* Main.storyboard */ = {
			isa = PBXVariantGroup;
			children = (
				BE946DFC19A498E300813291 /* Base */,
			);
			name = Main.storyboard;
			sourceTree = "<group>";
		};
/* End PBXVariantGroup section */

/* Begin XCBuildConfiguration section */
		BE946E0C19A498E300813291 /* Debug */ = {
			isa = XCBuildConfiguration;
			buildSettings = {
				ALWAYS_SEARCH_USER_PATHS = NO;
				CLANG_CXX_LANGUAGE_STANDARD = "gnu++0x";
				CLANG_CXX_LIBRARY = "libc++";
				CLANG_ENABLE_MODULES = YES;
				CLANG_ENABLE_OBJC_ARC = YES;
				CLANG_WARN_BOOL_CONVERSION = YES;
				CLANG_WARN_CONSTANT_CONVERSION = YES;
				CLANG_WARN_DIRECT_OBJC_ISA_USAGE = YES_ERROR;
				CLANG_WARN_EMPTY_BODY = YES;
				CLANG_WARN_ENUM_CONVERSION = YES;
				CLANG_WARN_INT_CONVERSION = YES;
				CLANG_WARN_OBJC_ROOT_CLASS = YES_ERROR;
				CLANG_WARN_UNREACHABLE_CODE = YES;
				CLANG_WARN__DUPLICATE_METHOD_MATCH = YES;
				CODE_SIGN_IDENTITY = "iPhone Developer: Nirbhay Agarwal (36G995V6NJ)";
				"CODE_SIGN_IDENTITY[sdk=iphoneos*]" = "iPhone Developer: Nirbhay Agarwal (36G995V6NJ)";
				COPY_PHASE_STRIP = NO;
				ENABLE_STRICT_OBJC_MSGSEND = YES;
				GCC_C_LANGUAGE_STANDARD = gnu99;
				GCC_DYNAMIC_NO_PIC = NO;
				GCC_OPTIMIZATION_LEVEL = 0;
				GCC_PREPROCESSOR_DEFINITIONS = (
					"DEBUG=1",
					"$(inherited)",
				);
				GCC_SYMBOLS_PRIVATE_EXTERN = NO;
				GCC_WARN_64_TO_32_BIT_CONVERSION = YES;
				GCC_WARN_ABOUT_RETURN_TYPE = YES_ERROR;
				GCC_WARN_UNDECLARED_SELECTOR = YES;
				GCC_WARN_UNINITIALIZED_AUTOS = YES_AGGRESSIVE;
				GCC_WARN_UNUSED_FUNCTION = YES;
				GCC_WARN_UNUSED_VARIABLE = YES;
				IPHONEOS_DEPLOYMENT_TARGET = 8.0;
				MTL_ENABLE_DEBUG_INFO = YES;
				ONLY_ACTIVE_ARCH = YES;
				PROVISIONING_PROFILE = "bb98653c-690d-4381-bf26-3f3e5cb8c4bd";
				SDKROOT = iphoneos;
			};
			name = Debug;
		};
		BE946E0D19A498E300813291 /* Release */ = {
			isa = XCBuildConfiguration;
			buildSettings = {
				ALWAYS_SEARCH_USER_PATHS = NO;
				CLANG_CXX_LANGUAGE_STANDARD = "gnu++0x";
				CLANG_CXX_LIBRARY = "libc++";
				CLANG_ENABLE_MODULES = YES;
				CLANG_ENABLE_OBJC_ARC = YES;
				CLANG_WARN_BOOL_CONVERSION = YES;
				CLANG_WARN_CONSTANT_CONVERSION = YES;
				CLANG_WARN_DIRECT_OBJC_ISA_USAGE = YES_ERROR;
				CLANG_WARN_EMPTY_BODY = YES;
				CLANG_WARN_ENUM_CONVERSION = YES;
				CLANG_WARN_INT_CONVERSION = YES;
				CLANG_WARN_OBJC_ROOT_CLASS = YES_ERROR;
				CLANG_WARN_UNREACHABLE_CODE = YES;
				CLANG_WARN__DUPLICATE_METHOD_MATCH = YES;
				CODE_SIGN_IDENTITY = "iPhone Developer: Nirbhay Agarwal (36G995V6NJ)";
				"CODE_SIGN_IDENTITY[sdk=iphoneos*]" = "iPhone Developer: Nirbhay Agarwal (36G995V6NJ)";
				COPY_PHASE_STRIP = YES;
				ENABLE_NS_ASSERTIONS = NO;
				ENABLE_STRICT_OBJC_MSGSEND = YES;
				GCC_C_LANGUAGE_STANDARD = gnu99;
				GCC_WARN_64_TO_32_BIT_CONVERSION = YES;
				GCC_WARN_ABOUT_RETURN_TYPE = YES_ERROR;
				GCC_WARN_UNDECLARED_SELECTOR = YES;
				GCC_WARN_UNINITIALIZED_AUTOS = YES_AGGRESSIVE;
				GCC_WARN_UNUSED_FUNCTION = YES;
				GCC_WARN_UNUSED_VARIABLE = YES;
				IPHONEOS_DEPLOYMENT_TARGET = 8.0;
				MTL_ENABLE_DEBUG_INFO = NO;
				PROVISIONING_PROFILE = "bb98653c-690d-4381-bf26-3f3e5cb8c4bd";
				SDKROOT = iphoneos;
				VALIDATE_PRODUCT = YES;
			};
			name = Release;
		};
		BE946E0F19A498E300813291 /* Debug */ = {
			isa = XCBuildConfiguration;
			buildSettings = {
				ASSETCATALOG_COMPILER_APPICON_NAME = AppIcon;
				ASSETCATALOG_COMPILER_LAUNCHIMAGE_NAME = LaunchImage;
				CLANG_ENABLE_MODULES = YES;
				CODE_SIGN_IDENTITY = "iPhone Developer: Nirbhay Agarwal (36G995V6NJ)";
				"CODE_SIGN_IDENTITY[sdk=iphoneos*]" = "iPhone Developer: Nirbhay Agarwal (36G995V6NJ)";
				INFOPLIST_FILE = CodePaw/Info.plist;
				IPHONEOS_DEPLOYMENT_TARGET = 7.1;
				LD_RUNPATH_SEARCH_PATHS = "$(inherited) @executable_path/Frameworks";
				PRODUCT_NAME = "$(TARGET_NAME)";
				PROVISIONING_PROFILE = "bb98653c-690d-4381-bf26-3f3e5cb8c4bd";
				SWIFT_OBJC_BRIDGING_HEADER = "CodePaw/CodePaw-Bridging-Header.h";
				SWIFT_OPTIMIZATION_LEVEL = "-Onone";
			};
			name = Debug;
		};
		BE946E1019A498E300813291 /* Release */ = {
			isa = XCBuildConfiguration;
			buildSettings = {
				ASSETCATALOG_COMPILER_APPICON_NAME = AppIcon;
				ASSETCATALOG_COMPILER_LAUNCHIMAGE_NAME = LaunchImage;
				CLANG_ENABLE_MODULES = YES;
				CODE_SIGN_IDENTITY = "iPhone Developer: Nirbhay Agarwal (36G995V6NJ)";
				"CODE_SIGN_IDENTITY[sdk=iphoneos*]" = "iPhone Developer: Nirbhay Agarwal (36G995V6NJ)";
				INFOPLIST_FILE = CodePaw/Info.plist;
				IPHONEOS_DEPLOYMENT_TARGET = 7.1;
				LD_RUNPATH_SEARCH_PATHS = "$(inherited) @executable_path/Frameworks";
				PRODUCT_NAME = "$(TARGET_NAME)";
				PROVISIONING_PROFILE = "bb98653c-690d-4381-bf26-3f3e5cb8c4bd";
				SWIFT_OBJC_BRIDGING_HEADER = "CodePaw/CodePaw-Bridging-Header.h";
			};
			name = Release;
		};
		BE946E1219A498E300813291 /* Debug */ = {
			isa = XCBuildConfiguration;
			buildSettings = {
				BUNDLE_LOADER = "$(TEST_HOST)";
				FRAMEWORK_SEARCH_PATHS = (
					"$(SDKROOT)/Developer/Library/Frameworks",
					"$(inherited)",
				);
				GCC_PREPROCESSOR_DEFINITIONS = (
					"DEBUG=1",
					"$(inherited)",
				);
				INFOPLIST_FILE = CodePawTests/Info.plist;
				IPHONEOS_DEPLOYMENT_TARGET = 7.1;
				LD_RUNPATH_SEARCH_PATHS = "$(inherited) @executable_path/Frameworks @loader_path/Frameworks";
				PRODUCT_NAME = "$(TARGET_NAME)";
				TEST_HOST = "$(BUILT_PRODUCTS_DIR)/CodePaw.app/CodePaw";
			};
			name = Debug;
		};
		BE946E1319A498E300813291 /* Release */ = {
			isa = XCBuildConfiguration;
			buildSettings = {
				BUNDLE_LOADER = "$(TEST_HOST)";
				FRAMEWORK_SEARCH_PATHS = (
					"$(SDKROOT)/Developer/Library/Frameworks",
					"$(inherited)",
				);
				INFOPLIST_FILE = CodePawTests/Info.plist;
				IPHONEOS_DEPLOYMENT_TARGET = 7.1;
				LD_RUNPATH_SEARCH_PATHS = "$(inherited) @executable_path/Frameworks @loader_path/Frameworks";
				PRODUCT_NAME = "$(TARGET_NAME)";
				TEST_HOST = "$(BUILT_PRODUCTS_DIR)/CodePaw.app/CodePaw";
			};
			name = Release;
		};
/* End XCBuildConfiguration section */

/* Begin XCConfigurationList section */
		BE946DE619A498E300813291 /* Build configuration list for PBXProject "CodePaw" */ = {
			isa = XCConfigurationList;
			buildConfigurations = (
				BE946E0C19A498E300813291 /* Debug */,
				BE946E0D19A498E300813291 /* Release */,
			);
			defaultConfigurationIsVisible = 0;
			defaultConfigurationName = Release;
		};
		BE946E0E19A498E300813291 /* Build configuration list for PBXNativeTarget "CodePaw" */ = {
			isa = XCConfigurationList;
			buildConfigurations = (
				BE946E0F19A498E300813291 /* Debug */,
				BE946E1019A498E300813291 /* Release */,
			);
			defaultConfigurationIsVisible = 0;
			defaultConfigurationName = Release;
		};
		BE946E1119A498E300813291 /* Build configuration list for PBXNativeTarget "CodePawTests" */ = {
			isa = XCConfigurationList;
			buildConfigurations = (
				BE946E1219A498E300813291 /* Debug */,
				BE946E1319A498E300813291 /* Release */,
			);
			defaultConfigurationIsVisible = 0;
			defaultConfigurationName = Release;
		};
/* End XCConfigurationList section */

/* Begin XCVersionGroup section */
		BE946DF519A498E300813291 /* CodePaw.xcdatamodeld */ = {
			isa = XCVersionGroup;
			children = (
				BE946DF619A498E300813291 /* CodePaw.xcdatamodel */,
			);
			currentVersion = BE946DF619A498E300813291 /* CodePaw.xcdatamodel */;
			path = CodePaw.xcdatamodeld;
			sourceTree = "<group>";
			versionGroupType = wrapper.xcdatamodel;
		};
/* End XCVersionGroup section */
	};
	rootObject = BE946DE319A498E300813291 /* Project object */;
}
